# @generated - this file is auto-generated by `mise lock` https://mise.en.dev/dev-tools/mise-lock.html

[[tools.age]]
version = "1.3.1"
backend = "aqua:FiloSottile/age"

[tools.age."platforms.linux-arm64"]
checksum = "sha256:c6878a324421b69e3e20b00ba17c04bc5c6dab0030cfe55bf8f68fa8d9e9093a"
url = "https://github.com/FiloSottile/age/releases/download/v1.3.1/age-v1.3.1-linux-arm64.tar.gz"

[tools.age."platforms.linux-arm64-musl"]
checksum = "sha256:c6878a324421b69e3e20b00ba17c04bc5c6dab0030cfe55bf8f68fa8d9e9093a"
url = "https://github.com/FiloSottile/age/releases/download/v1.3.1/age-v1.3.1-linux-arm64.tar.gz"

[tools.age."platforms.linux-x64"]
checksum = "sha256:bdc69c09cbdd6cf8b1f333d372a1f58247b3a33146406333e30c0f26e8f51377"
url = "https://github.com/FiloSottile/age/releases/download/v1.3.1/age-v1.3.1-linux-amd64.tar.gz"

[tools.age."platforms.linux-x64-musl"]
checksum = "sha256:bdc69c09cbdd6cf8b1f333d372a1f58247b3a33146406333e30c0f26e8f51377"
url = "https://github.com/FiloSottile/age/releases/download/v1.3.1/age-v1.3.1-linux-amd64.tar.gz"

[[tools."aqua:neovim/neovim"]]
version = "0.12.2"
backend = "aqua:neovim/neovim"

[tools."aqua:neovim/neovim"."platforms.linux-arm64"]
checksum = "sha256:f697d4e4582b6e4b5c3c26e76e06ce26efa08ba1768e03fd2733fcc422bb0490"
url = "https://github.com/neovim/neovim/releases/download/v0.12.2/nvim-linux-arm64.tar.gz"

[tools."aqua:neovim/neovim"."platforms.linux-arm64-musl"]
checksum = "sha256:f697d4e4582b6e4b5c3c26e76e06ce26efa08ba1768e03fd2733fcc422bb0490"
url = "https://github.com/neovim/neovim/releases/download/v0.12.2/nvim-linux-arm64.tar.gz"

[tools."aqua:neovim/neovim"."platforms.linux-x64"]
checksum = "sha256:31cf85945cb600d96cdf69f88bc68bec814acbff50863c5546adef3a1bcef260"
url = "https://github.com/neovim/neovim/releases/download/v0.12.2/nvim-linux-x86_64.tar.gz"

[tools."aqua:neovim/neovim"."platforms.linux-x64-musl"]
checksum = "sha256:31cf85945cb600d96cdf69f88bc68bec814acbff50863c5546adef3a1bcef260"
url = "https://github.com/neovim/neovim/releases/download/v0.12.2/nvim-linux-x86_64.tar.gz"

[[tools.argocd]]
version = "3.4.1"
backend = "aqua:argoproj/argo-cd"

[tools.argocd."platforms.linux-arm64"]
checksum = "sha256:764844e421aef30bd21d886465c959870f61af7f21712db92fe114e5c5ef1a8d"
url = "https://github.com/argoproj/argo-cd/releases/download/v3.4.1/argocd-linux-arm64"

[tools.argocd."platforms.linux-arm64-musl"]
checksum = "sha256:764844e421aef30bd21d886465c959870f61af7f21712db92fe114e5c5ef1a8d"
url = "https://github.com/argoproj/argo-cd/releases/download/v3.4.1/argocd-linux-arm64"

[tools.argocd."platforms.linux-x64"]
checksum = "sha256:0c7bc33afe6ba9d3ff713e482975b5a8bc83efe208fce4eb24d27478beb3cb90"
url = "https://github.com/argoproj/argo-cd/releases/download/v3.4.1/argocd-linux-amd64"

[tools.argocd."platforms.linux-x64-musl"]
checksum = "sha256:0c7bc33afe6ba9d3ff713e482975b5a8bc83efe208fce4eb24d27478beb3cb90"
url = "https://github.com/argoproj/argo-cd/releases/download/v3.4.1/argocd-linux-amd64"

[[tools.atuin]]
version = "18.16.0"
backend = "aqua:atuinsh/atuin"

[tools.atuin."platforms.linux-arm64"]
checksum = "sha256:adef3d748709e1f23dd77a7e58c6c8f2883d06653cc67cb2ef467824aa98151b"
url = "https://github.com/atuinsh/atuin/releases/download/v18.16.0/atuin-aarch64-unknown-linux-musl.tar.gz"

[tools.atuin."platforms.linux-arm64-musl"]
checksum = "sha256:adef3d748709e1f23dd77a7e58c6c8f2883d06653cc67cb2ef467824aa98151b"
url = "https://github.com/atuinsh/atuin/releases/download/v18.16.0/atuin-aarch64-unknown-linux-musl.tar.gz"

[tools.atuin."platforms.linux-x64"]
checksum = "sha256:1b8d633e27f4afc80e99b11a92e01854a84f7f4c77dda1b312ab8a8d80eb2f13"
url = "https://github.com/atuinsh/atuin/releases/download/v18.16.0/atuin-x86_64-unknown-linux-musl.tar.gz"

[tools.atuin."platforms.linux-x64-musl"]
checksum = "sha256:1b8d633e27f4afc80e99b11a92e01854a84f7f4c77dda1b312ab8a8d80eb2f13"
url = "https://github.com/atuinsh/atuin/releases/download/v18.16.0/atuin-x86_64-unknown-linux-musl.tar.gz"

[[tools.bitwarden]]
version = "2026.4.1"
backend = "aqua:bitwarden/clients"

[tools.bitwarden."platforms.linux-x64"]
checksum = "sha256:2172dc63f821fcbd4b4ce65e7106f1ebab26b6cb16c9c8a5b28230dcc6f8a774"
url = "https://github.com/bitwarden/clients/releases/download/cli-v2026.4.1/bw-linux-2026.4.1.zip"

[tools.bitwarden."platforms.linux-x64-musl"]
checksum = "sha256:2172dc63f821fcbd4b4ce65e7106f1ebab26b6cb16c9c8a5b28230dcc6f8a774"
url = "https://github.com/bitwarden/clients/releases/download/cli-v2026.4.1/bw-linux-2026.4.1.zip"

[[tools.chezmoi]]
version = "2.70.3"
backend = "aqua:twpayne/chezmoi"

[tools.chezmoi."platforms.linux-arm64"]
checksum = "sha256:f094f9baccbe1e5e9744fc70f74974ba1793f2cba550f8b4a9d0fe5310f4a38f"
url = "https://github.com/twpayne/chezmoi/releases/download/v2.70.3/chezmoi_2.70.3_linux_arm64.tar.gz"

[tools.chezmoi."platforms.linux-arm64-musl"]
checksum = "sha256:f094f9baccbe1e5e9744fc70f74974ba1793f2cba550f8b4a9d0fe5310f4a38f"
url = "https://github.com/twpayne/chezmoi/releases/download/v2.70.3/chezmoi_2.70.3_linux_arm64.tar.gz"

[tools.chezmoi."platforms.linux-x64"]
checksum = "sha256:ed3a131a7e71798513255d8c05534a14a16d98839820708e839d3403be5b46b2"
url = "https://github.com/twpayne/chezmoi/releases/download/v2.70.3/chezmoi_2.70.3_linux_amd64.tar.gz"

[tools.chezmoi."platforms.linux-x64-musl"]
checksum = "sha256:ed3a131a7e71798513255d8c05534a14a16d98839820708e839d3403be5b46b2"
url = "https://github.com/twpayne/chezmoi/releases/download/v2.70.3/chezmoi_2.70.3_linux_amd64.tar.gz"

[[tools.delta]]
version = "0.19.2"
backend = "aqua:dandavison/delta"

[tools.delta."platforms.linux-arm64"]
checksum = "sha256:0bfce159a5cddd5feb3d6db4a616d883ff51253ce08ac7ec11cb1d208cfaab9e"
url = "https://github.com/dandavison/delta/releases/download/0.19.2/delta-0.19.2-aarch64-unknown-linux-gnu.tar.gz"

[tools.delta."platforms.linux-arm64-musl"]
checksum = "sha256:0bfce159a5cddd5feb3d6db4a616d883ff51253ce08ac7ec11cb1d208cfaab9e"
url = "https://github.com/dandavison/delta/releases/download/0.19.2/delta-0.19.2-aarch64-unknown-linux-gnu.tar.gz"

[tools.delta."platforms.linux-x64"]
checksum = "sha256:f1ea01ca7728ce3462debc359f39dfc7cbbc1a63224b71fefabf92042864aa1b"
url = "https://github.com/dandavison/delta/releases/download/0.19.2/delta-0.19.2-x86_64-unknown-linux-musl.tar.gz"

[tools.delta."platforms.linux-x64-musl"]
checksum = "sha256:f1ea01ca7728ce3462debc359f39dfc7cbbc1a63224b71fefabf92042864aa1b"
url = "https://github.com/dandavison/delta/releases/download/0.19.2/delta-0.19.2-x86_64-unknown-linux-musl.tar.gz"

[[tools.difftastic]]
version = "0.69.0"
backend = "aqua:Wilfred/difftastic"

[tools.difftastic."platforms.linux-arm64"]
checksum = "sha256:abd2f42d2afd424312b4862aa7c7bb0320447670ae22fabcc5159db03e2dccbd"
url = "https://github.com/Wilfred/difftastic/releases/download/0.69.0/difft-aarch64-unknown-linux-gnu.tar.gz"

[tools.difftastic."platforms.linux-arm64-musl"]
checksum = "sha256:abd2f42d2afd424312b4862aa7c7bb0320447670ae22fabcc5159db03e2dccbd"
url = "https://github.com/Wilfred/difftastic/releases/download/0.69.0/difft-aarch64-unknown-linux-gnu.tar.gz"

[tools.difftastic."platforms.linux-x64"]
checksum = "sha256:c120a4315b33e89678d52b47ea0097cdb1fb57b4f3910b4d77cbeee5eecc8ced"
url = "https://github.com/Wilfred/difftastic/releases/download/0.69.0/difft-x86_64-unknown-linux-musl.tar.gz"

[tools.difftastic."platforms.linux-x64-musl"]
checksum = "sha256:c120a4315b33e89678d52b47ea0097cdb1fb57b4f3910b4d77cbeee5eecc8ced"
url = "https://github.com/Wilfred/difftastic/releases/download/0.69.0/difft-x86_64-unknown-linux-musl.tar.gz"

[[tools.direnv]]
version = "2.37.1"
backend = "aqua:direnv/direnv"

[tools.direnv."platforms.linux-arm64"]
checksum = "sha256:2a9cef8d73521d6a3ec3f2871c4b747b8c4cc038628c1b57a7efa42b393a2d82"
url = "https://github.com/direnv/direnv/releases/download/v2.37.1/direnv.linux-arm64"

[tools.direnv."platforms.linux-arm64-musl"]
checksum = "sha256:2a9cef8d73521d6a3ec3f2871c4b747b8c4cc038628c1b57a7efa42b393a2d82"
url = "https://github.com/direnv/direnv/releases/download/v2.37.1/direnv.linux-arm64"

[tools.direnv."platforms.linux-x64"]
checksum = "sha256:1f1b93dd6f38523fde26dfac96151ef9d31a374e3005cd3345fb93555ae0c9b5"
url = "https://github.com/direnv/direnv/releases/download/v2.37.1/direnv.linux-amd64"

[tools.direnv."platforms.linux-x64-musl"]
checksum = "sha256:1f1b93dd6f38523fde26dfac96151ef9d31a374e3005cd3345fb93555ae0c9b5"
url = "https://github.com/direnv/direnv/releases/download/v2.37.1/direnv.linux-amd64"

[[tools.dua]]
version = "2.34.0"
backend = "aqua:Byron/dua-cli"

[tools.dua."platforms.linux-arm64"]
checksum = "sha256:d77a07e3aa1af12cfd9a60ace5a15395af96040089ba358df76d1621d12b1893"
url = "https://github.com/Byron/dua-cli/releases/download/v2.34.0/dua-v2.34.0-aarch64-unknown-linux-musl.tar.gz"

[tools.dua."platforms.linux-arm64-musl"]
checksum = "sha256:d77a07e3aa1af12cfd9a60ace5a15395af96040089ba358df76d1621d12b1893"
url = "https://github.com/Byron/dua-cli/releases/download/v2.34.0/dua-v2.34.0-aarch64-unknown-linux-musl.tar.gz"

[tools.dua."platforms.linux-x64"]
checksum = "sha256:4f2de3f97206d6bca0d15fbb9241f52b1014df35fd7ae362bacf67371164c1a1"
url = "https://github.com/Byron/dua-cli/releases/download/v2.34.0/dua-v2.34.0-x86_64-unknown-linux-musl.tar.gz"

[tools.dua."platforms.linux-x64-musl"]
checksum = "sha256:4f2de3f97206d6bca0d15fbb9241f52b1014df35fd7ae362bacf67371164c1a1"
url = "https://github.com/Byron/dua-cli/releases/download/v2.34.0/dua-v2.34.0-x86_64-unknown-linux-musl.tar.gz"

[[tools.dust]]
version = "1.2.4"
backend = "aqua:bootandy/dust"

[tools.dust."platforms.linux-arm64"]
checksum = "sha256:e09b0d24b5da0fa06aecf1561849c13ae41ef055c1ce7077e35e9a46744b16af"
url = "https://github.com/bootandy/dust/releases/download/v1.2.4/dust-v1.2.4-aarch64-unknown-linux-musl.tar.gz"

[tools.dust."platforms.linux-arm64-musl"]
checksum = "sha256:e09b0d24b5da0fa06aecf1561849c13ae41ef055c1ce7077e35e9a46744b16af"
url = "https://github.com/bootandy/dust/releases/download/v1.2.4/dust-v1.2.4-aarch64-unknown-linux-musl.tar.gz"

[tools.dust."platforms.linux-x64"]
checksum = "sha256:4e313f9f854017e58a2ada4c0d1774677b8cf53d63ab55a991d5871d5f504452"
url = "https://github.com/bootandy/dust/releases/download/v1.2.4/dust-v1.2.4-x86_64-unknown-linux-musl.tar.gz"

[tools.dust."platforms.linux-x64-musl"]
checksum = "sha256:4e313f9f854017e58a2ada4c0d1774677b8cf53d63ab55a991d5871d5f504452"
url = "https://github.com/bootandy/dust/releases/download/v1.2.4/dust-v1.2.4-x86_64-unknown-linux-musl.tar.gz"

[[tools.eza]]
version = "0.23.4"
backend = "aqua:eza-community/eza"

[tools.eza."platforms.linux-arm64"]
checksum = "sha256:366e8430225f9955c3dc659b452150c169894833ccfef455e01765e265a3edda"
url = "https://github.com/eza-community/eza/releases/download/v0.23.4/eza_aarch64-unknown-linux-gnu.tar.gz"

[tools.eza."platforms.linux-arm64-musl"]
checksum = "sha256:366e8430225f9955c3dc659b452150c169894833ccfef455e01765e265a3edda"
url = "https://github.com/eza-community/eza/releases/download/v0.23.4/eza_aarch64-unknown-linux-gnu.tar.gz"

[tools.eza."platforms.linux-x64"]
checksum = "sha256:d231bb3ee33b08c76279b5888845dceb7034d055c42bb9be46dbe0dae39394df"
url = "https://github.com/eza-community/eza/releases/download/v0.23.4/eza_x86_64-unknown-linux-musl.tar.gz"

[tools.eza."platforms.linux-x64-musl"]
checksum = "sha256:d231bb3ee33b08c76279b5888845dceb7034d055c42bb9be46dbe0dae39394df"
url = "https://github.com/eza-community/eza/releases/download/v0.23.4/eza_x86_64-unknown-linux-musl.tar.gz"

[[tools.fastfetch]]
version = "2.62.1"
backend = "aqua:fastfetch-cli/fastfetch"

[tools.fastfetch."platforms.linux-arm64"]
checksum = "sha256:92086b8b470ec8962d148363c350c7e0f291b9159b832add2c46f4c08ff4792d"
url = "https://github.com/fastfetch-cli/fastfetch/releases/download/2.62.1/fastfetch-linux-aarch64.tar.gz"

[tools.fastfetch."platforms.linux-arm64-musl"]
checksum = "sha256:92086b8b470ec8962d148363c350c7e0f291b9159b832add2c46f4c08ff4792d"
url = "https://github.com/fastfetch-cli/fastfetch/releases/download/2.62.1/fastfetch-linux-aarch64.tar.gz"

[tools.fastfetch."platforms.linux-x64"]
checksum = "sha256:52619f3d39f03266ec74f9ae9c86893290ec2aa3ea055137f63750a1ce7ea00d"
url = "https://github.com/fastfetch-cli/fastfetch/releases/download/2.62.1/fastfetch-linux-amd64.tar.gz"

[tools.fastfetch."platforms.linux-x64-musl"]
checksum = "sha256:52619f3d39f03266ec74f9ae9c86893290ec2aa3ea055137f63750a1ce7ea00d"
url = "https://github.com/fastfetch-cli/fastfetch/releases/download/2.62.1/fastfetch-linux-amd64.tar.gz"

[[tools.fd]]
version = "10.4.2"
backend = "aqua:sharkdp/fd"

[tools.fd."platforms.linux-arm64"]
checksum = "sha256:f32d3657473fba74e2600babc8db0b93420d51169223b7e8143b2ed55d8fd9e8"
url = "https://github.com/sharkdp/fd/releases/download/v10.4.2/fd-v10.4.2-aarch64-unknown-linux-musl.tar.gz"

[tools.fd."platforms.linux-arm64-musl"]
checksum = "sha256:f32d3657473fba74e2600babc8db0b93420d51169223b7e8143b2ed55d8fd9e8"
url = "https://github.com/sharkdp/fd/releases/download/v10.4.2/fd-v10.4.2-aarch64-unknown-linux-musl.tar.gz"

[tools.fd."platforms.linux-x64"]
checksum = "sha256:e3257d48e29a6be965187dbd24ce9af564e0fe67b3e73c9bdcd180f4ec11bdde"
url = "https://github.com/sharkdp/fd/releases/download/v10.4.2/fd-v10.4.2-x86_64-unknown-linux-musl.tar.gz"

[tools.fd."platforms.linux-x64-musl"]
checksum = "sha256:e3257d48e29a6be965187dbd24ce9af564e0fe67b3e73c9bdcd180f4ec11bdde"
url = "https://github.com/sharkdp/fd/releases/download/v10.4.2/fd-v10.4.2-x86_64-unknown-linux-musl.tar.gz"

[[tools.fnox]]
version = "1.24.0"
backend = "github:jdx/fnox"

[tools.fnox."platforms.linux-arm64"]
checksum = "sha256:a07a192c4aeb015db3a83b8ea3cfef95df776c2d5a9dddb992f99c6c1c182082"
url = "https://github.com/jdx/fnox/releases/download/v1.24.0/fnox-aarch64-unknown-linux-gnu.tar.gz"
url_api = "https://api.github.com/repos/jdx/fnox/releases/assets/413778320"

[tools.fnox."platforms.linux-arm64-musl"]
checksum = "sha256:7d448e03ed12c38ed5c353420939e1062e02a6d537cae1d1d80878039fec3c08"
url = "https://github.com/jdx/fnox/releases/download/v1.24.0/fnox-aarch64-unknown-linux-musl.tar.gz"
url_api = "https://api.github.com/repos/jdx/fnox/releases/assets/413778322"

[tools.fnox."platforms.linux-x64"]
checksum = "sha256:5d15ce680a673c7ae54db706aa5d59f847b78ad70178a8d4c24e7e70d94f5774"
url = "https://github.com/jdx/fnox/releases/download/v1.24.0/fnox-x86_64-unknown-linux-gnu.tar.gz"
url_api = "https://api.github.com/repos/jdx/fnox/releases/assets/413778338"

[tools.fnox."platforms.linux-x64-musl"]
checksum = "sha256:bb5a51ea8123b46a872c803ce36e7719376a9b8b9556d71ca5244cc45f9f35f6"
url = "https://github.com/jdx/fnox/releases/download/v1.24.0/fnox-x86_64-unknown-linux-musl.tar.gz"
url_api = "https://api.github.com/repos/jdx/fnox/releases/assets/413778341"

[[tools.fzf]]
version = "0.72.0"
backend = "aqua:junegunn/fzf"

[tools.fzf."platforms.linux-arm64"]
checksum = "sha256:a0a5b50730f568c5f08b8dbba1e6e598db253e1856d371290086786b889b996b"
url = "https://github.com/junegunn/fzf/releases/download/v0.72.0/fzf-0.72.0-linux_arm64.tar.gz"

[tools.fzf."platforms.linux-arm64-musl"]
checksum = "sha256:a0a5b50730f568c5f08b8dbba1e6e598db253e1856d371290086786b889b996b"
url = "https://github.com/junegunn/fzf/releases/download/v0.72.0/fzf-0.72.0-linux_arm64.tar.gz"

[tools.fzf."platforms.linux-x64"]
checksum = "sha256:0e58e4bd0b3c5d68c56b54c460a6863d0de79633ed18d388575a960ab447b006"
url = "https://github.com/junegunn/fzf/releases/download/v0.72.0/fzf-0.72.0-linux_amd64.tar.gz"

[tools.fzf."platforms.linux-x64-musl"]
checksum = "sha256:0e58e4bd0b3c5d68c56b54c460a6863d0de79633ed18d388575a960ab447b006"
url = "https://github.com/junegunn/fzf/releases/download/v0.72.0/fzf-0.72.0-linux_amd64.tar.gz"

[[tools.github-cli]]
version = "2.92.0"
backend = "aqua:cli/cli"

[tools.github-cli."platforms.linux-arm64"]
checksum = "sha256:c2248526dd0160c08d3fccca2332c3c1a07c15a78b23978e77735f1b5a18cfee"
url = "https://github.com/cli/cli/releases/download/v2.92.0/gh_2.92.0_linux_arm64.tar.gz"

[tools.github-cli."platforms.linux-arm64-musl"]
checksum = "sha256:c2248526dd0160c08d3fccca2332c3c1a07c15a78b23978e77735f1b5a18cfee"
url = "https://github.com/cli/cli/releases/download/v2.92.0/gh_2.92.0_linux_arm64.tar.gz"

[tools.github-cli."platforms.linux-x64"]
checksum = "sha256:b57848131bdf0c229cd35e1f2a51aa718199858b2e728410b37e89a428943ec4"
url = "https://github.com/cli/cli/releases/download/v2.92.0/gh_2.92.0_linux_amd64.tar.gz"

[tools.github-cli."platforms.linux-x64-musl"]
checksum = "sha256:b57848131bdf0c229cd35e1f2a51aa718199858b2e728410b37e89a428943ec4"
url = "https://github.com/cli/cli/releases/download/v2.92.0/gh_2.92.0_linux_amd64.tar.gz"

[[tools."github:darksworm/argonaut"]]
version = "2.17.0"
backend = "github:darksworm/argonaut"

[tools."github:darksworm/argonaut"."platforms.linux-arm64"]
checksum = "sha256:11f87a329851b268231d261e9fcd09830a32a8788db94f58b9f7787dc72394ea"
url = "https://github.com/darksworm/argonaut/releases/download/v2.17.0/argonaut-2.17.0-linux-arm64.tar.gz"
url_api = "https://api.github.com/repos/darksworm/argonaut/releases/assets/412824629"

[tools."github:darksworm/argonaut"."platforms.linux-arm64-musl"]
checksum = "sha256:11f87a329851b268231d261e9fcd09830a32a8788db94f58b9f7787dc72394ea"
url = "https://github.com/darksworm/argonaut/releases/download/v2.17.0/argonaut-2.17.0-linux-arm64.tar.gz"
url_api = "https://api.github.com/repos/darksworm/argonaut/releases/assets/412824629"

[tools."github:darksworm/argonaut"."platforms.linux-x64"]
checksum = "sha256:bfbd87ec808ea1d8d99d7a4a28cfc1dcbec60626e5305c05340b42f19fd7a7f6"
url = "https://github.com/darksworm/argonaut/releases/download/v2.17.0/argonaut-2.17.0-linux-amd64.tar.gz"
url_api = "https://api.github.com/repos/darksworm/argonaut/releases/assets/412824630"

[tools."github:darksworm/argonaut"."platforms.linux-x64-musl"]
checksum = "sha256:bfbd87ec808ea1d8d99d7a4a28cfc1dcbec60626e5305c05340b42f19fd7a7f6"
url = "https://github.com/darksworm/argonaut/releases/download/v2.17.0/argonaut-2.17.0-linux-amd64.tar.gz"
url_api = "https://api.github.com/repos/darksworm/argonaut/releases/assets/412824630"

[[tools."github:janosmiko/lfk"]]
version = "0.10.4"
backend = "github:janosmiko/lfk"

[tools."github:janosmiko/lfk"."platforms.linux-arm64"]
checksum = "sha256:641abb45ff1c3491efc5e4e3d3194b270304fada33985ba40fefa447ad445930"
url = "https://github.com/janosmiko/lfk/releases/download/v0.10.4/lfk_0.10.4_linux_arm64.tar.gz"
url_api = "https://api.github.com/repos/janosmiko/lfk/releases/assets/413698998"

[tools."github:janosmiko/lfk"."platforms.linux-arm64-musl"]
checksum = "sha256:641abb45ff1c3491efc5e4e3d3194b270304fada33985ba40fefa447ad445930"
url = "https://github.com/janosmiko/lfk/releases/download/v0.10.4/lfk_0.10.4_linux_arm64.tar.gz"
url_api = "https://api.github.com/repos/janosmiko/lfk/releases/assets/413698998"

[tools."github:janosmiko/lfk"."platforms.linux-x64"]
checksum = "sha256:12a26381bf9b86313924a4c2620d5b4286cfd7fb84a0f38d2b6398741f036059"
url = "https://github.com/janosmiko/lfk/releases/download/v0.10.4/lfk_0.10.4_linux_amd64.tar.gz"
url_api = "https://api.github.com/repos/janosmiko/lfk/releases/assets/413699003"

[tools."github:janosmiko/lfk"."platforms.linux-x64-musl"]
checksum = "sha256:12a26381bf9b86313924a4c2620d5b4286cfd7fb84a0f38d2b6398741f036059"
url = "https://github.com/janosmiko/lfk/releases/download/v0.10.4/lfk_0.10.4_linux_amd64.tar.gz"
url_api = "https://api.github.com/repos/janosmiko/lfk/releases/assets/413699003"

[[tools."github:pagefind/pagefind"]]
version = "1.5.2"
backend = "github:pagefind/pagefind"

[tools."github:pagefind/pagefind"."platforms.linux-arm64"]
checksum = "sha256:f50ec608bcbf431cebd84e0efa3a5b041ee63df2ad81f138023e0cfd2f509424"
url = "https://github.com/Pagefind/pagefind/releases/download/v1.5.2/pagefind-v1.5.2-aarch64-unknown-linux-musl.tar.gz"
url_api = "https://api.github.com/repos/Pagefind/pagefind/releases/assets/394716032"

[tools."github:pagefind/pagefind"."platforms.linux-arm64-musl"]
checksum = "sha256:f50ec608bcbf431cebd84e0efa3a5b041ee63df2ad81f138023e0cfd2f509424"
url = "https://github.com/Pagefind/pagefind/releases/download/v1.5.2/pagefind-v1.5.2-aarch64-unknown-linux-musl.tar.gz"
url_api = "https://api.github.com/repos/Pagefind/pagefind/releases/assets/394716032"

[tools."github:pagefind/pagefind"."platforms.linux-x64"]
checksum = "sha256:afb824a9e7f64905a934900481cea5be679c03975e527329e0e5e6cc70f5feda"
url = "https://github.com/Pagefind/pagefind/releases/download/v1.5.2/pagefind-v1.5.2-x86_64-unknown-linux-musl.tar.gz"
url_api = "https://api.github.com/repos/Pagefind/pagefind/releases/assets/394716026"

[tools."github:pagefind/pagefind"."platforms.linux-x64-musl"]
checksum = "sha256:afb824a9e7f64905a934900481cea5be679c03975e527329e0e5e6cc70f5feda"
url = "https://github.com/Pagefind/pagefind/releases/download/v1.5.2/pagefind-v1.5.2-x86_64-unknown-linux-musl.tar.gz"
url_api = "https://api.github.com/repos/Pagefind/pagefind/releases/assets/394716026"

[[tools."github:waylonwalker/nvim-manager"]]
version = "0.0.3"
backend = "github:waylonwalker/nvim-manager"

[tools."github:waylonwalker/nvim-manager"."platforms.linux-arm64"]
checksum = "sha256:6a007d2493ed0f9cb33e2659c9292a5db80c00c18a6a5cdf7d6c35de315235e1"
url = "https://github.com/WaylonWalker/nvim-manager/releases/download/v0.0.3/nvim-manager-0.0.3-aarch64-unknown-linux-gnu.tar.gz"
url_api = "https://api.github.com/repos/WaylonWalker/nvim-manager/releases/assets/227933897"

[tools."github:waylonwalker/nvim-manager"."platforms.linux-arm64-musl"]
checksum = "sha256:6a007d2493ed0f9cb33e2659c9292a5db80c00c18a6a5cdf7d6c35de315235e1"
url = "https://github.com/WaylonWalker/nvim-manager/releases/download/v0.0.3/nvim-manager-0.0.3-aarch64-unknown-linux-gnu.tar.gz"
url_api = "https://api.github.com/repos/WaylonWalker/nvim-manager/releases/assets/227933897"

[tools."github:waylonwalker/nvim-manager"."platforms.linux-x64"]
checksum = "sha256:75be41d6b076cacd5f7cf9dc67951bf5d680c1df4354404e2731f6bc113f61fe"
url = "https://github.com/WaylonWalker/nvim-manager/releases/download/v0.0.3/nvim-manager-0.0.3-x86_64-unknown-linux-gnu.tar.gz"
url_api = "https://api.github.com/repos/WaylonWalker/nvim-manager/releases/assets/227933902"

[tools."github:waylonwalker/nvim-manager"."platforms.linux-x64-musl"]
checksum = "sha256:75be41d6b076cacd5f7cf9dc67951bf5d680c1df4354404e2731f6bc113f61fe"
url = "https://github.com/WaylonWalker/nvim-manager/releases/download/v0.0.3/nvim-manager-0.0.3-x86_64-unknown-linux-gnu.tar.gz"
url_api = "https://api.github.com/repos/WaylonWalker/nvim-manager/releases/assets/227933902"

[[tools.gitui]]
version = "0.28.1"
backend = "aqua:extrawurst/gitui"

[tools.gitui."platforms.linux-arm64"]
checksum = "sha256:2a640da05b73e9152a7bf92bfd7c23acd9d60438f4f2cabb62357014a5fd7c28"
url = "https://github.com/gitui-org/gitui/releases/download/v0.28.1/gitui-linux-aarch64.tar.gz"

[tools.gitui."platforms.linux-arm64-musl"]
checksum = "sha256:2a640da05b73e9152a7bf92bfd7c23acd9d60438f4f2cabb62357014a5fd7c28"
url = "https://github.com/gitui-org/gitui/releases/download/v0.28.1/gitui-linux-aarch64.tar.gz"

[tools.gitui."platforms.linux-x64"]
checksum = "sha256:f6149b9ae203397158b0c89c13cfde718e7121d3d3cd2ebc597f93d6628d9b5b"
url = "https://github.com/gitui-org/gitui/releases/download/v0.28.1/gitui-linux-x86_64.tar.gz"

[tools.gitui."platforms.linux-x64-musl"]
checksum = "sha256:f6149b9ae203397158b0c89c13cfde718e7121d3d3cd2ebc597f93d6628d9b5b"
url = "https://github.com/gitui-org/gitui/releases/download/v0.28.1/gitui-linux-x86_64.tar.gz"

[[tools.go]]
version = "1.26.3"
backend = "core:go"

[tools.go."platforms.linux-arm64"]
checksum = "sha256:9d89a3ea57d141c2b22d70083f2c8459ba3890f2d9e818e7e933b75614936565"
url = "https://dl.google.com/go/go1.26.3.linux-arm64.tar.gz"

[tools.go."platforms.linux-arm64-musl"]
checksum = "sha256:9d89a3ea57d141c2b22d70083f2c8459ba3890f2d9e818e7e933b75614936565"
url = "https://dl.google.com/go/go1.26.3.linux-arm64.tar.gz"

[tools.go."platforms.linux-x64"]
checksum = "sha256:2b2cfc7148493da5e73981bffbf3353af381d5f93e789c82c79aff64962eb556"
url = "https://dl.google.com/go/go1.26.3.linux-amd64.tar.gz"

[tools.go."platforms.linux-x64-musl"]
checksum = "sha256:2b2cfc7148493da5e73981bffbf3353af381d5f93e789c82c79aff64962eb556"
url = "https://dl.google.com/go/go1.26.3.linux-amd64.tar.gz"

[[tools.goreleaser]]
version = "v2.15.4"
backend = "aqua:goreleaser/goreleaser"

[tools.goreleaser."platforms.linux-arm64"]
checksum = "sha256:de01ca1497571e9b348413cd2e7f74be49b8d57696ae386f7eedd06176544a88"
url = "https://github.com/goreleaser/goreleaser/releases/download/v2.15.4/goreleaser_Linux_arm64.tar.gz"

[tools.goreleaser."platforms.linux-arm64-musl"]
checksum = "sha256:de01ca1497571e9b348413cd2e7f74be49b8d57696ae386f7eedd06176544a88"
url = "https://github.com/goreleaser/goreleaser/releases/download/v2.15.4/goreleaser_Linux_arm64.tar.gz"

[tools.goreleaser."platforms.linux-x64"]
checksum = "sha256:aae00c71a4a6d55e08cce9273a1516bdce33c1e07cffb7e502fa6fec4377dede"
url = "https://github.com/goreleaser/goreleaser/releases/download/v2.15.4/goreleaser_Linux_x86_64.tar.gz"

[tools.goreleaser."platforms.linux-x64-musl"]
checksum = "sha256:aae00c71a4a6d55e08cce9273a1516bdce33c1e07cffb7e502fa6fec4377dede"
url = "https://github.com/goreleaser/goreleaser/releases/download/v2.15.4/goreleaser_Linux_x86_64.tar.gz"

[[tools.grex]]
version = "1.4.6"
backend = "aqua:pemistahl/grex"

[tools.grex."platforms.linux-x64"]
checksum = "sha256:8f02f4ebe72d9e3098c646b77f7bc53ec8a8c1fb51ed042db06b739d08e56af8"
url = "https://github.com/pemistahl/grex/releases/download/v1.4.6/grex-v1.4.6-x86_64-unknown-linux-musl.tar.gz"

[tools.grex."platforms.linux-x64-musl"]
checksum = "sha256:8f02f4ebe72d9e3098c646b77f7bc53ec8a8c1fb51ed042db06b739d08e56af8"
url = "https://github.com/pemistahl/grex/releases/download/v1.4.6/grex-v1.4.6-x86_64-unknown-linux-musl.tar.gz"

[[tools.helix]]
version = "25.07.1"
backend = "aqua:helix-editor/helix"

[tools.helix."platforms.linux-arm64"]
checksum = "sha256:ce23fa8d395e633e3e54c052012f11965d91d8d5c2bfa659685f50430b4f8175"
url = "https://github.com/helix-editor/helix/releases/download/25.07.1/helix-25.07.1-aarch64-linux.tar.xz"

[tools.helix."platforms.linux-arm64-musl"]
checksum = "sha256:ce23fa8d395e633e3e54c052012f11965d91d8d5c2bfa659685f50430b4f8175"
url = "https://github.com/helix-editor/helix/releases/download/25.07.1/helix-25.07.1-aarch64-linux.tar.xz"

[tools.helix."platforms.linux-x64"]
checksum = "sha256:3f08e63ecd388fff657ad39722f88bb03dcf326f1f2da2700d99e1dc40ab2e8b"
url = "https://github.com/helix-editor/helix/releases/download/25.07.1/helix-25.07.1-x86_64-linux.tar.xz"

[tools.helix."platforms.linux-x64-musl"]
checksum = "sha256:3f08e63ecd388fff657ad39722f88bb03dcf326f1f2da2700d99e1dc40ab2e8b"
url = "https://github.com/helix-editor/helix/releases/download/25.07.1/helix-25.07.1-x86_64-linux.tar.xz"

[[tools.helm]]
version = "4.1.4"
backend = "aqua:helm/helm"

[tools.helm."platforms.linux-arm64"]
checksum = "sha256:13d03672be289045d2ff00e4e345d61de1c6f21c1257a45955a30e8ae036d8f1"
url = "https://get.helm.sh/helm-v4.1.4-linux-arm64.tar.gz"

[tools.helm."platforms.linux-arm64-musl"]
checksum = "sha256:13d03672be289045d2ff00e4e345d61de1c6f21c1257a45955a30e8ae036d8f1"
url = "https://get.helm.sh/helm-v4.1.4-linux-arm64.tar.gz"

[tools.helm."platforms.linux-x64"]
checksum = "sha256:70b2c30a19da4db264dfd68c8a3664e05093a361cefd89572ffb36f8abfa3d09"
url = "https://get.helm.sh/helm-v4.1.4-linux-amd64.tar.gz"

[tools.helm."platforms.linux-x64-musl"]
checksum = "sha256:70b2c30a19da4db264dfd68c8a3664e05093a361cefd89572ffb36f8abfa3d09"
url = "https://get.helm.sh/helm-v4.1.4-linux-amd64.tar.gz"

[[tools.htmlq]]
version = "0.4.0"
backend = "aqua:mgdm/htmlq"

[tools.htmlq."platforms.linux-x64"]
url = "https://github.com/mgdm/htmlq/releases/download/v0.4.0/htmlq-x86_64-linux.tar.gz"

[tools.htmlq."platforms.linux-x64-musl"]
url = "https://github.com/mgdm/htmlq/releases/download/v0.4.0/htmlq-x86_64-linux.tar.gz"

[[tools.jq]]
version = "1.8.1"
backend = "aqua:jqlang/jq"

[tools.jq."platforms.linux-arm64"]
checksum = "sha256:6bc62f25981328edd3cfcfe6fe51b073f2d7e7710d7ef7fcdac28d4e384fc3d4"
url = "https://github.com/jqlang/jq/releases/download/jq-1.8.1/jq-linux-arm64"

[tools.jq."platforms.linux-arm64-musl"]
checksum = "sha256:6bc62f25981328edd3cfcfe6fe51b073f2d7e7710d7ef7fcdac28d4e384fc3d4"
url = "https://github.com/jqlang/jq/releases/download/jq-1.8.1/jq-linux-arm64"

[tools.jq."platforms.linux-x64"]
checksum = "sha256:020468de7539ce70ef1bceaf7cde2e8c4f2ca6c3afb84642aabc5c97d9fc2a0d"
url = "https://github.com/jqlang/jq/releases/download/jq-1.8.1/jq-linux-amd64"

[tools.jq."platforms.linux-x64-musl"]
checksum = "sha256:020468de7539ce70ef1bceaf7cde2e8c4f2ca6c3afb84642aabc5c97d9fc2a0d"
url = "https://github.com/jqlang/jq/releases/download/jq-1.8.1/jq-linux-amd64"

[[tools.just]]
version = "1.50.0"
backend = "aqua:casey/just"

[tools.just."platforms.linux-arm64"]
checksum = "sha256:3beb4967ce05883cf09ac12d6d128166eb4c6d0b03eff74b61018a6880655d7d"
url = "https://github.com/casey/just/releases/download/1.50.0/just-1.50.0-aarch64-unknown-linux-musl.tar.gz"

[tools.just."platforms.linux-arm64-musl"]
checksum = "sha256:3beb4967ce05883cf09ac12d6d128166eb4c6d0b03eff74b61018a6880655d7d"
url = "https://github.com/casey/just/releases/download/1.50.0/just-1.50.0-aarch64-unknown-linux-musl.tar.gz"

[tools.just."platforms.linux-x64"]
checksum = "sha256:27e011cd6328fadd632e59233d2cf5f18460b8a8c4269acd324c1a8669f34db0"
url = "https://github.com/casey/just/releases/download/1.50.0/just-1.50.0-x86_64-unknown-linux-musl.tar.gz"

[tools.just."platforms.linux-x64-musl"]
checksum = "sha256:27e011cd6328fadd632e59233d2cf5f18460b8a8c4269acd324c1a8669f34db0"
url = "https://github.com/casey/just/releases/download/1.50.0/just-1.50.0-x86_64-unknown-linux-musl.tar.gz"

[[tools.k9s]]
version = "0.50.18"
backend = "aqua:derailed/k9s"

[tools.k9s."platforms.linux-arm64"]
checksum = "sha256:d3dcc051d6be26ee911c00f583412802ebe203a189e51bc079332cb410c83b38"
url = "https://github.com/derailed/k9s/releases/download/v0.50.18/k9s_Linux_arm64.tar.gz"

[tools.k9s."platforms.linux-arm64-musl"]
checksum = "sha256:d3dcc051d6be26ee911c00f583412802ebe203a189e51bc079332cb410c83b38"
url = "https://github.com/derailed/k9s/releases/download/v0.50.18/k9s_Linux_arm64.tar.gz"

[tools.k9s."platforms.linux-x64"]
checksum = "sha256:0b697ed4aa80997f7de4deeed6f1fba73df191b28bf691b1f28d2f45fa2a9e9b"
url = "https://github.com/derailed/k9s/releases/download/v0.50.18/k9s_Linux_amd64.tar.gz"

[tools.k9s."platforms.linux-x64-musl"]
checksum = "sha256:0b697ed4aa80997f7de4deeed6f1fba73df191b28bf691b1f28d2f45fa2a9e9b"
url = "https://github.com/derailed/k9s/releases/download/v0.50.18/k9s_Linux_amd64.tar.gz"

[[tools.kubectl]]
version = "1.36.0"
backend = "aqua:kubernetes/kubernetes/kubectl"

[tools.kubectl."platforms.linux-arm64"]
checksum = "sha256:9f9d9c44a7b5264515ac9da5991584e2395bd50662e651132337e7b4d0c56f8f"
url = "https://dl.k8s.io/v1.36.0/bin/linux/arm64/kubectl"

[tools.kubectl."platforms.linux-arm64-musl"]
checksum = "sha256:9f9d9c44a7b5264515ac9da5991584e2395bd50662e651132337e7b4d0c56f8f"
url = "https://dl.k8s.io/v1.36.0/bin/linux/arm64/kubectl"

[tools.kubectl."platforms.linux-x64"]
checksum = "sha256:123d8c8844f46b1244c547fffb3c17180c0c26dac9890589fe7e67763298748e"
url = "https://dl.k8s.io/v1.36.0/bin/linux/amd64/kubectl"

[tools.kubectl."platforms.linux-x64-musl"]
checksum = "sha256:123d8c8844f46b1244c547fffb3c17180c0c26dac9890589fe7e67763298748e"
url = "https://dl.k8s.io/v1.36.0/bin/linux/amd64/kubectl"

[[tools.lazydocker]]
version = "0.25.2"
backend = "aqua:jesseduffield/lazydocker"

[tools.lazydocker."platforms.linux-arm64"]
checksum = "sha256:005c38b685aaa557e7d646d83a3dadb5024340eeed8c6a2e1949eee6f530de23"
url = "https://github.com/jesseduffield/lazydocker/releases/download/v0.25.2/lazydocker_0.25.2_Linux_arm64.tar.gz"

[tools.lazydocker."platforms.linux-arm64-musl"]
checksum = "sha256:005c38b685aaa557e7d646d83a3dadb5024340eeed8c6a2e1949eee6f530de23"
url = "https://github.com/jesseduffield/lazydocker/releases/download/v0.25.2/lazydocker_0.25.2_Linux_arm64.tar.gz"

[tools.lazydocker."platforms.linux-x64"]
checksum = "sha256:0d9dbfc26068b218e7ed84b104748cadc6e3cf733c0afd35465306fb39b9523c"
url = "https://github.com/jesseduffield/lazydocker/releases/download/v0.25.2/lazydocker_0.25.2_Linux_x86_64.tar.gz"

[tools.lazydocker."platforms.linux-x64-musl"]
checksum = "sha256:0d9dbfc26068b218e7ed84b104748cadc6e3cf733c0afd35465306fb39b9523c"
url = "https://github.com/jesseduffield/lazydocker/releases/download/v0.25.2/lazydocker_0.25.2_Linux_x86_64.tar.gz"

[[tools.lazygit]]
version = "0.61.1"
backend = "aqua:jesseduffield/lazygit"

[tools.lazygit."platforms.linux-arm64"]
checksum = "sha256:20b1abb2bee5dfd46173b9047353eb678bc51a23839e821958d0b1863ab1655e"
url = "https://github.com/jesseduffield/lazygit/releases/download/v0.61.1/lazygit_0.61.1_linux_arm64.tar.gz"

[tools.lazygit."platforms.linux-arm64-musl"]
checksum = "sha256:20b1abb2bee5dfd46173b9047353eb678bc51a23839e821958d0b1863ab1655e"
url = "https://github.com/jesseduffield/lazygit/releases/download/v0.61.1/lazygit_0.61.1_linux_arm64.tar.gz"

[tools.lazygit."platforms.linux-x64"]
checksum = "sha256:1b91e660700f2332696726b635202576b543e2bc49b639830dccd26bc5160d5d"
url = "https://github.com/jesseduffield/lazygit/releases/download/v0.61.1/lazygit_0.61.1_linux_x86_64.tar.gz"

[tools.lazygit."platforms.linux-x64-musl"]
checksum = "sha256:1b91e660700f2332696726b635202576b543e2bc49b639830dccd26bc5160d5d"
url = "https://github.com/jesseduffield/lazygit/releases/download/v0.61.1/lazygit_0.61.1_linux_x86_64.tar.gz"

[[tools.lazyjournal]]
version = "0.8.6"
backend = "aqua:Lifailon/lazyjournal"

[tools.lazyjournal."platforms.linux-arm64"]
checksum = "sha256:2718c73349ff1ef297f5a19d3e636ca116c6f8e85106ea5744c6d71bf8df6924"
url = "https://github.com/Lifailon/lazyjournal/releases/download/0.8.6/lazyjournal-0.8.6-linux-arm64"

[tools.lazyjournal."platforms.linux-arm64-musl"]
checksum = "sha256:2718c73349ff1ef297f5a19d3e636ca116c6f8e85106ea5744c6d71bf8df6924"
url = "https://github.com/Lifailon/lazyjournal/releases/download/0.8.6/lazyjournal-0.8.6-linux-arm64"

[tools.lazyjournal."platforms.linux-x64"]
checksum = "sha256:c264bbcb6b30fa6418bbfce2087d0e1ecdc7ad17421772c0f002e4cbf8cf4bd7"
url = "https://github.com/Lifailon/lazyjournal/releases/download/0.8.6/lazyjournal-0.8.6-linux-amd64"

[tools.lazyjournal."platforms.linux-x64-musl"]
checksum = "sha256:c264bbcb6b30fa6418bbfce2087d0e1ecdc7ad17421772c0f002e4cbf8cf4bd7"
url = "https://github.com/Lifailon/lazyjournal/releases/download/0.8.6/lazyjournal-0.8.6-linux-amd64"

[[tools.lazyssh]]
version = "0.3.0"
backend = "aqua:Adembc/lazyssh"

[tools.lazyssh."platforms.linux-arm64"]
checksum = "sha256:d859663160af7d7752ec7bccfa1b6dcff5cb2d2a03cfb1d04b3a1127171f5e35"
url = "https://github.com/Adembc/lazyssh/releases/download/v0.3.0/lazyssh_Linux_arm64.tar.gz"

[tools.lazyssh."platforms.linux-arm64-musl"]
checksum = "sha256:d859663160af7d7752ec7bccfa1b6dcff5cb2d2a03cfb1d04b3a1127171f5e35"
url = "https://github.com/Adembc/lazyssh/releases/download/v0.3.0/lazyssh_Linux_arm64.tar.gz"

[tools.lazyssh."platforms.linux-x64"]
checksum = "sha256:3e87196faf748905f98062040d5a0e056de0e0eb0247413b70c2fc03c3928ad9"
url = "https://github.com/Adembc/lazyssh/releases/download/v0.3.0/lazyssh_Linux_x86_64.tar.gz"

[tools.lazyssh."platforms.linux-x64-musl"]
checksum = "sha256:3e87196faf748905f98062040d5a0e056de0e0eb0247413b70c2fc03c3928ad9"
url = "https://github.com/Adembc/lazyssh/releases/download/v0.3.0/lazyssh_Linux_x86_64.tar.gz"

[[tools.node]]
version = "26.1.0"
backend = "core:node"

[tools.node."platforms.linux-arm64"]
checksum = "sha256:fcb4c339eef70c909cae72091008a6497278e2d0fcd221c0653068cf4ea4f0c7"
url = "https://nodejs.org/dist/v26.1.0/node-v26.1.0-linux-arm64.tar.gz"

[tools.node."platforms.linux-arm64-musl"]
checksum = "sha256:fcb4c339eef70c909cae72091008a6497278e2d0fcd221c0653068cf4ea4f0c7"
url = "https://nodejs.org/dist/v26.1.0/node-v26.1.0-linux-arm64.tar.gz"

[tools.node."platforms.linux-x64"]
checksum = "sha256:62d555c329e05e3625109f2e3a8b5195b368d5ef38266292469d32f63cd98ffd"
url = "https://nodejs.org/dist/v26.1.0/node-v26.1.0-linux-x64.tar.gz"

[tools.node."platforms.linux-x64-musl"]
checksum = "sha256:62d555c329e05e3625109f2e3a8b5195b368d5ef38266292469d32f63cd98ffd"
url = "https://nodejs.org/dist/v26.1.0/node-v26.1.0-linux-x64.tar.gz"

[[tools."npm:tailwindcss"]]
version = "4.3.0"
backend = "npm:tailwindcss"

[[tools."pipx:harlequin"]]
version = "2.5.2"
backend = "pipx:harlequin"

[[tools."pipx:ipython"]]
version = "9.13.0"
backend = "pipx:ipython"

[[tools."pipx:lolcat"]]
version = "1.4"
backend = "pipx:lolcat"

[[tools."pipx:podman-compose"]]
version = "1.5.0"
backend = "pipx:podman-compose"

[[tools."pipx:visidata"]]
version = "3.3"
backend = "pipx:visidata"

[[tools."pipx:waylonwalker"]]
version = "0.4.6"
backend = "pipx:waylonwalker"

[[tools.pitchfork]]
version = "2.10.0"
backend = "aqua:jdx/pitchfork"

[tools.pitchfork."platforms.linux-arm64"]
checksum = "sha256:77525ad496020671d8e2fc2f5e1c1b03a518bfb9f943c4375ca3f07882d58a7c"
url = "https://github.com/endevco/pitchfork/releases/download/v2.10.0/pitchfork-aarch64-unknown-linux-gnu.tar.gz"

[tools.pitchfork."platforms.linux-arm64-musl"]
checksum = "sha256:77525ad496020671d8e2fc2f5e1c1b03a518bfb9f943c4375ca3f07882d58a7c"
url = "https://github.com/endevco/pitchfork/releases/download/v2.10.0/pitchfork-aarch64-unknown-linux-gnu.tar.gz"

[tools.pitchfork."platforms.linux-x64"]
checksum = "sha256:a6a09cce0b08135cdb884b6c70c7413bd3991f03c084bdc11bf778bb274116c4"
url = "https://github.com/endevco/pitchfork/releases/download/v2.10.0/pitchfork-x86_64-unknown-linux-gnu.tar.gz"

[tools.pitchfork."platforms.linux-x64-musl"]
checksum = "sha256:a6a09cce0b08135cdb884b6c70c7413bd3991f03c084bdc11bf778bb274116c4"
url = "https://github.com/endevco/pitchfork/releases/download/v2.10.0/pitchfork-x86_64-unknown-linux-gnu.tar.gz"

[[tools.pnpm]]
version = "v10.22.0"
backend = "aqua:pnpm/pnpm"

[tools.pnpm."platforms.linux-arm64"]
checksum = "sha256:792d16f93d0898fa910c6ebf7626a1a9d098c8ca112d877a1a4e84eb4c24904c"
url = "https://github.com/pnpm/pnpm/releases/download/v10.22.0/pnpm-linux-arm64"

[tools.pnpm."platforms.linux-arm64-musl"]
checksum = "sha256:792d16f93d0898fa910c6ebf7626a1a9d098c8ca112d877a1a4e84eb4c24904c"
url = "https://github.com/pnpm/pnpm/releases/download/v10.22.0/pnpm-linux-arm64"

[tools.pnpm."platforms.linux-x64"]
checksum = "sha256:6730cd0d7a247133e971b8d0b85d6d5de5b9d6a05fc099b2d72540b36725b328"
url = "https://github.com/pnpm/pnpm/releases/download/v10.22.0/pnpm-linux-x64"

[tools.pnpm."platforms.linux-x64-musl"]
checksum = "sha256:6730cd0d7a247133e971b8d0b85d6d5de5b9d6a05fc099b2d72540b36725b328"
url = "https://github.com/pnpm/pnpm/releases/download/v10.22.0/pnpm-linux-x64"

[[tools.ripgrep]]
version = "15.1.0"
backend = "aqua:BurntSushi/ripgrep"

[tools.ripgrep."platforms.linux-arm64"]
checksum = "sha256:2b661c6ef508e902f388e9098d9c4c5aca72c87b55922d94abdba830b4dc885e"
url = "https://github.com/BurntSushi/ripgrep/releases/download/15.1.0/ripgrep-15.1.0-aarch64-unknown-linux-gnu.tar.gz"

[tools.ripgrep."platforms.linux-arm64-musl"]
checksum = "sha256:2b661c6ef508e902f388e9098d9c4c5aca72c87b55922d94abdba830b4dc885e"
url = "https://github.com/BurntSushi/ripgrep/releases/download/15.1.0/ripgrep-15.1.0-aarch64-unknown-linux-gnu.tar.gz"

[tools.ripgrep."platforms.linux-x64"]
checksum = "sha256:1c9297be4a084eea7ecaedf93eb03d058d6faae29bbc57ecdaf5063921491599"
url = "https://github.com/BurntSushi/ripgrep/releases/download/15.1.0/ripgrep-15.1.0-x86_64-unknown-linux-musl.tar.gz"

[tools.ripgrep."platforms.linux-x64-musl"]
checksum = "sha256:1c9297be4a084eea7ecaedf93eb03d058d6faae29bbc57ecdaf5063921491599"
url = "https://github.com/BurntSushi/ripgrep/releases/download/15.1.0/ripgrep-15.1.0-x86_64-unknown-linux-musl.tar.gz"

[[tools.ripsecrets]]
version = "0.1.11"
backend = "aqua:sirwart/ripsecrets"

[tools.ripsecrets."platforms.linux-x64"]
url = "https://github.com/sirwart/ripsecrets/releases/download/v0.1.11/ripsecrets-0.1.11-x86_64-unknown-linux-gnu.tar.gz"

[tools.ripsecrets."platforms.linux-x64-musl"]
url = "https://github.com/sirwart/ripsecrets/releases/download/v0.1.11/ripsecrets-0.1.11-x86_64-unknown-linux-gnu.tar.gz"

[[tools.starship]]
version = "1.25.1"
backend = "aqua:starship/starship"

[tools.starship."platforms.linux-arm64"]
checksum = "sha256:01517aab398959ea9ea73bdb4f032ea4dbb51dff5c8e5eb05b4a1b9b7ab872b8"
url = "https://github.com/starship/starship/releases/download/v1.25.1/starship-aarch64-unknown-linux-musl.tar.gz"

[tools.starship."platforms.linux-arm64-musl"]
checksum = "sha256:01517aab398959ea9ea73bdb4f032ea4dbb51dff5c8e5eb05b4a1b9b7ab872b8"
url = "https://github.com/starship/starship/releases/download/v1.25.1/starship-aarch64-unknown-linux-musl.tar.gz"

[tools.starship."platforms.linux-x64"]
checksum = "sha256:c6ddd3ecb9c0071a2ad38d98cee748160066b7c4f197421268058f4a5d6f8504"
url = "https://github.com/starship/starship/releases/download/v1.25.1/starship-x86_64-unknown-linux-musl.tar.gz"

[tools.starship."platforms.linux-x64-musl"]
checksum = "sha256:c6ddd3ecb9c0071a2ad38d98cee748160066b7c4f197421268058f4a5d6f8504"
url = "https://github.com/starship/starship/releases/download/v1.25.1/starship-x86_64-unknown-linux-musl.tar.gz"

[[tools.television]]
version = "0.15.6"
backend = "aqua:alexpasmantier/television"

[tools.television."platforms.linux-arm64"]
checksum = "sha256:134392b39c62a981d0ac6e7a0fa2b37fe5985d088545cb1dbbd02f3625d6d51f"
url = "https://github.com/alexpasmantier/television/releases/download/0.15.6/tv-0.15.6-aarch64-unknown-linux-gnu.tar.gz"

[tools.television."platforms.linux-arm64-musl"]
checksum = "sha256:134392b39c62a981d0ac6e7a0fa2b37fe5985d088545cb1dbbd02f3625d6d51f"
url = "https://github.com/alexpasmantier/television/releases/download/0.15.6/tv-0.15.6-aarch64-unknown-linux-gnu.tar.gz"

[tools.television."platforms.linux-x64"]
checksum = "sha256:fdf8aa4a2f10da1acd608cffdedda380d15640020c504df73fde43db879ad141"
url = "https://github.com/alexpasmantier/television/releases/download/0.15.6/tv-0.15.6-x86_64-unknown-linux-musl.tar.gz"

[tools.television."platforms.linux-x64-musl"]
checksum = "sha256:fdf8aa4a2f10da1acd608cffdedda380d15640020c504df73fde43db879ad141"
url = "https://github.com/alexpasmantier/television/releases/download/0.15.6/tv-0.15.6-x86_64-unknown-linux-musl.tar.gz"

[[tools.tmux]]
version = "3.6a"
backend = "github:tmux/tmux-builds"

[tools.tmux."platforms.linux-arm64"]
checksum = "sha256:bb5afd9d646df54a7d7c66e198aa22c7d293c7453534f1670f7c540534db8b5e"
url = "https://github.com/tmux/tmux-builds/releases/download/v3.6a/tmux-3.6a-linux-arm64.tar.gz"
url_api = "https://api.github.com/repos/tmux/tmux-builds/releases/assets/331787049"

[tools.tmux."platforms.linux-arm64-musl"]
checksum = "sha256:bb5afd9d646df54a7d7c66e198aa22c7d293c7453534f1670f7c540534db8b5e"
url = "https://github.com/tmux/tmux-builds/releases/download/v3.6a/tmux-3.6a-linux-arm64.tar.gz"
url_api = "https://api.github.com/repos/tmux/tmux-builds/releases/assets/331787049"

[tools.tmux."platforms.linux-x64"]
checksum = "sha256:c0a772a5e6ca8f129b0111d10029a52e02bcbc8352d5a8c0d3de8466a1e59c2e"
url = "https://github.com/tmux/tmux-builds/releases/download/v3.6a/tmux-3.6a-linux-x86_64.tar.gz"
url_api = "https://api.github.com/repos/tmux/tmux-builds/releases/assets/331787044"

[tools.tmux."platforms.linux-x64-musl"]
checksum = "sha256:c0a772a5e6ca8f129b0111d10029a52e02bcbc8352d5a8c0d3de8466a1e59c2e"
url = "https://github.com/tmux/tmux-builds/releases/download/v3.6a/tmux-3.6a-linux-x86_64.tar.gz"
url_api = "https://api.github.com/repos/tmux/tmux-builds/releases/assets/331787044"

[[tools.ttyd]]
version = "1.7.7"
backend = "aqua:tsl0922/ttyd"

[tools.ttyd."platforms.linux-arm64"]
url = "https://github.com/tsl0922/ttyd/releases/download/1.7.7/ttyd.aarch64"

[tools.ttyd."platforms.linux-arm64-musl"]
url = "https://github.com/tsl0922/ttyd/releases/download/1.7.7/ttyd.aarch64"

[tools.ttyd."platforms.linux-x64"]
url = "https://github.com/tsl0922/ttyd/releases/download/1.7.7/ttyd.x86_64"

[tools.ttyd."platforms.linux-x64-musl"]
url = "https://github.com/tsl0922/ttyd/releases/download/1.7.7/ttyd.x86_64"

[[tools.uv]]
version = "0.11.12"
backend = "aqua:astral-sh/uv"

[tools.uv."platforms.linux-arm64"]
checksum = "sha256:b70e87f15f12d750d218042c4ed36e41de0757eab249d332ee2e242e4174b5d5"
url = "https://github.com/astral-sh/uv/releases/download/0.11.12/uv-aarch64-unknown-linux-musl.tar.gz"

[tools.uv."platforms.linux-arm64-musl"]
checksum = "sha256:b70e87f15f12d750d218042c4ed36e41de0757eab249d332ee2e242e4174b5d5"
url = "https://github.com/astral-sh/uv/releases/download/0.11.12/uv-aarch64-unknown-linux-musl.tar.gz"

[tools.uv."platforms.linux-x64"]
checksum = "sha256:591a7557f5ba7e51565f338dd4c50cebc12820ec2ebb8403a4304685f8d53ab9"
url = "https://github.com/astral-sh/uv/releases/download/0.11.12/uv-x86_64-unknown-linux-musl.tar.gz"

[tools.uv."platforms.linux-x64-musl"]
checksum = "sha256:591a7557f5ba7e51565f338dd4c50cebc12820ec2ebb8403a4304685f8d53ab9"
url = "https://github.com/astral-sh/uv/releases/download/0.11.12/uv-x86_64-unknown-linux-musl.tar.gz"

[[tools.vfox]]
version = "1.0.11"
backend = "aqua:version-fox/vfox"

[tools.vfox."platforms.linux-arm64"]
checksum = "sha256:d8f4745b4d3b05ac1e2b364de51b80d85ee29e26540dc5026417389dfa7be0ac"
url = "https://github.com/version-fox/vfox/releases/download/v1.0.11/vfox_1.0.11_linux_aarch64.tar.gz"

[tools.vfox."platforms.linux-arm64-musl"]
checksum = "sha256:d8f4745b4d3b05ac1e2b364de51b80d85ee29e26540dc5026417389dfa7be0ac"
url = "https://github.com/version-fox/vfox/releases/download/v1.0.11/vfox_1.0.11_linux_aarch64.tar.gz"

[tools.vfox."platforms.linux-x64"]
checksum = "sha256:c012c9f35f2b2954d65ab7a5cb938c3a21e25fb726573172d4faaa7b615a50cc"
url = "https://github.com/version-fox/vfox/releases/download/v1.0.11/vfox_1.0.11_linux_x86_64.tar.gz"

[tools.vfox."platforms.linux-x64-musl"]
checksum = "sha256:c012c9f35f2b2954d65ab7a5cb938c3a21e25fb726573172d4faaa7b615a50cc"
url = "https://github.com/version-fox/vfox/releases/download/v1.0.11/vfox_1.0.11_linux_x86_64.tar.gz"

[[tools.vhs]]
version = "0.11.0"
backend = "aqua:charmbracelet/vhs"

[tools.vhs."platforms.linux-arm64"]
checksum = "sha256:af782cddbf844a377df6ea41c0e72339393fa021be3f6cb70a2f47d48675d92b"
url = "https://github.com/charmbracelet/vhs/releases/download/v0.11.0/vhs_0.11.0_Linux_arm64.tar.gz"

[tools.vhs."platforms.linux-arm64-musl"]
checksum = "sha256:af782cddbf844a377df6ea41c0e72339393fa021be3f6cb70a2f47d48675d92b"
url = "https://github.com/charmbracelet/vhs/releases/download/v0.11.0/vhs_0.11.0_Linux_arm64.tar.gz"

[tools.vhs."platforms.linux-x64"]
checksum = "sha256:99cb634587eaae0473c1ea377db80c3a048c27f99fe0a7febb1a1e8cb7ee5009"
url = "https://github.com/charmbracelet/vhs/releases/download/v0.11.0/vhs_0.11.0_Linux_x86_64.tar.gz"

[tools.vhs."platforms.linux-x64-musl"]
checksum = "sha256:99cb634587eaae0473c1ea377db80c3a048c27f99fe0a7febb1a1e8cb7ee5009"
url = "https://github.com/charmbracelet/vhs/releases/download/v0.11.0/vhs_0.11.0_Linux_x86_64.tar.gz"

[[tools.yazi]]
version = "26.5.6"
backend = "aqua:sxyazi/yazi"

[tools.yazi."platforms.linux-arm64"]
checksum = "sha256:dff4a6774069bdde616c3cd145275b462a5887229cd9bf6341e78063da37e84f"
url = "https://github.com/sxyazi/yazi/releases/download/v26.5.6/yazi-aarch64-unknown-linux-musl.zip"

[tools.yazi."platforms.linux-arm64-musl"]
checksum = "sha256:dff4a6774069bdde616c3cd145275b462a5887229cd9bf6341e78063da37e84f"
url = "https://github.com/sxyazi/yazi/releases/download/v26.5.6/yazi-aarch64-unknown-linux-musl.zip"

[tools.yazi."platforms.linux-x64"]
checksum = "sha256:1031a02560d053301537195a6661d227c15cb4ce5c30481050b31e2b88681bff"
url = "https://github.com/sxyazi/yazi/releases/download/v26.5.6/yazi-x86_64-unknown-linux-musl.zip"

[tools.yazi."platforms.linux-x64-musl"]
checksum = "sha256:1031a02560d053301537195a6661d227c15cb4ce5c30481050b31e2b88681bff"
url = "https://github.com/sxyazi/yazi/releases/download/v26.5.6/yazi-x86_64-unknown-linux-musl.zip"

[[tools.zellij]]
version = "0.44.2"
backend = "aqua:zellij-org/zellij"

[tools.zellij."platforms.linux-arm64"]
checksum = "sha256:e0b2ddbf050d58577b09b2a032a54f1a3fac0e214d1605c5969e8936340fff6b"
url = "https://github.com/zellij-org/zellij/releases/download/v0.44.2/zellij-aarch64-unknown-linux-musl.tar.gz"

[tools.zellij."platforms.linux-arm64-musl"]
checksum = "sha256:e0b2ddbf050d58577b09b2a032a54f1a3fac0e214d1605c5969e8936340fff6b"
url = "https://github.com/zellij-org/zellij/releases/download/v0.44.2/zellij-aarch64-unknown-linux-musl.tar.gz"

[tools.zellij."platforms.linux-x64"]
checksum = "sha256:26e1753b4c8451912523c7d8700c5aed75392ea57f0b1c988560f3bbc7775744"
url = "https://github.com/zellij-org/zellij/releases/download/v0.44.2/zellij-x86_64-unknown-linux-musl.tar.gz"

[tools.zellij."platforms.linux-x64-musl"]
checksum = "sha256:26e1753b4c8451912523c7d8700c5aed75392ea57f0b1c988560f3bbc7775744"
url = "https://github.com/zellij-org/zellij/releases/download/v0.44.2/zellij-x86_64-unknown-linux-musl.tar.gz"
